
Microsoft Visual Studio Solution File, Format Version 12.00
# Visual Studio Version 16
VisualStudioVersion = 16.0.31613.86
MinimumVisualStudioVersion = 10.0.40219.1
Project("{FAE04EC0-301F-11D3-BF4B-00C04F79EFBC}") = "ExamenParcial", "ExamenParcial.csproj", "{5CAE3B79-3168-43B4-A887-9CFC9BA5B6EF}"
EndProject
Global
	GlobalSection(SolutionConfigurationPlatforms) = preSolution
		Debug|Any CPU = Debug|Any CPU
		Release|Any CPU = Release|Any CPU
	EndGlobalSection
	GlobalSection(ProjectConfigurationPlatforms) = postSolution
		{5CAE3B79-3168-43B4-A887-9CFC9BA5B6EF}.Debug|Any CPU.ActiveCfg = Debug|Any CPU
		{5CAE3B79-3168-43B4-A887-9CFC9BA5B6EF}.Debug|Any CPU.Build.0 = Debug|Any CPU
		{5CAE3B79-3168-43B4-A887-9CFC9BA5B6EF}.Release|Any CPU.ActiveCfg = Release|Any CPU
		{5CAE3B79-3168-43B4-A887-9CFC9BA5B6EF}.Release|Any CPU.Build.0 = Release|Any CPU
	EndGlobalSection
	GlobalSection(SolutionProperties) = preSolution
		HideSolutionNode = FALSE
	EndGlobalSection
	GlobalSection(ExtensibilityGlobals) = postSolution
		SolutionGuid = {8F1A2A96-7AEE-402C-982D-C1CD7258DBC2}
	EndGlobalSection
EndGlobal
